
Microsoft Visual Studio Solution File, Format Version 12.00
# Visual Studio Version 16
VisualStudioVersion = 16.0.30413.136
MinimumVisualStudioVersion = 10.0.40219.1
Project("{FAE04EC0-301F-11D3-BF4B-00C04F79EFBC}") = "Labb_Abstract", "Labb_Abstract\Labb_Abstract.csproj", "{89B3CF60-E885-4650-AFF7-7EE43469BACD}"
EndProject
Global
	GlobalSection(SolutionConfigurationPlatforms) = preSolution
		Debug|Any CPU = Debug|Any CPU
		Release|Any CPU = Release|Any CPU
	EndGlobalSection
	GlobalSection(ProjectConfigurationPlatforms) = postSolution
		{89B3CF60-E885-4650-AFF7-7EE43469BACD}.Debug|Any CPU.ActiveCfg = Debug|Any CPU
		{89B3CF60-E885-4650-AFF7-7EE43469BACD}.Debug|Any CPU.Build.0 = Debug|Any CPU
		{89B3CF60-E885-4650-AFF7-7EE43469BACD}.Release|Any CPU.ActiveCfg = Release|Any CPU
		{89B3CF60-E885-4650-AFF7-7EE43469BACD}.Release|Any CPU.Build.0 = Release|Any CPU
	EndGlobalSection
	GlobalSection(SolutionProperties) = preSolution
		HideSolutionNode = FALSE
	EndGlobalSection
	GlobalSection(ExtensibilityGlobals) = postSolution
		SolutionGuid = {F77F01F3-5F20-446D-B90B-FE2EB7FC2A12}
	EndGlobalSection
EndGlobal
