
Microsoft Visual Studio Solution File, Format Version 12.00
# Visual Studio Version 16
VisualStudioVersion = 16.0.30413.136
MinimumVisualStudioVersion = 10.0.40219.1
Project("{FAE04EC0-301F-11D3-BF4B-00C04F79EFBC}") = "SlutprojektEnivå", "SlutprojektEnivå\SlutprojektEnivå.csproj", "{16BF6543-A444-4BD8-B2BC-C7DCC4CF1ED2}"
EndProject
Global
	GlobalSection(SolutionConfigurationPlatforms) = preSolution
		Debug|Any CPU = Debug|Any CPU
		Release|Any CPU = Release|Any CPU
	EndGlobalSection
	GlobalSection(ProjectConfigurationPlatforms) = postSolution
		{16BF6543-A444-4BD8-B2BC-C7DCC4CF1ED2}.Debug|Any CPU.ActiveCfg = Debug|Any CPU
		{16BF6543-A444-4BD8-B2BC-C7DCC4CF1ED2}.Debug|Any CPU.Build.0 = Debug|Any CPU
		{16BF6543-A444-4BD8-B2BC-C7DCC4CF1ED2}.Release|Any CPU.ActiveCfg = Release|Any CPU
		{16BF6543-A444-4BD8-B2BC-C7DCC4CF1ED2}.Release|Any CPU.Build.0 = Release|Any CPU
	EndGlobalSection
	GlobalSection(SolutionProperties) = preSolution
		HideSolutionNode = FALSE
	EndGlobalSection
	GlobalSection(ExtensibilityGlobals) = postSolution
		SolutionGuid = {C9A9AEC8-1631-4AE3-B880-EA4962DDEE3B}
	EndGlobalSection
EndGlobal
