
Microsoft Visual Studio Solution File, Format Version 12.00
# Visual Studio Version 16
VisualStudioVersion = 16.0.30413.136
MinimumVisualStudioVersion = 10.0.40219.1
Project("{FAE04EC0-301F-11D3-BF4B-00C04F79EFBC}") = "ObserverPattern", "ObserverPattern\ObserverPattern.csproj", "{36848D7A-6B4F-435C-8FD3-C548A9A9E2DA}"
EndProject
Global
	GlobalSection(SolutionConfigurationPlatforms) = preSolution
		Debug|Any CPU = Debug|Any CPU
		Release|Any CPU = Release|Any CPU
	EndGlobalSection
	GlobalSection(ProjectConfigurationPlatforms) = postSolution
		{36848D7A-6B4F-435C-8FD3-C548A9A9E2DA}.Debug|Any CPU.ActiveCfg = Debug|Any CPU
		{36848D7A-6B4F-435C-8FD3-C548A9A9E2DA}.Debug|Any CPU.Build.0 = Debug|Any CPU
		{36848D7A-6B4F-435C-8FD3-C548A9A9E2DA}.Release|Any CPU.ActiveCfg = Release|Any CPU
		{36848D7A-6B4F-435C-8FD3-C548A9A9E2DA}.Release|Any CPU.Build.0 = Release|Any CPU
	EndGlobalSection
	GlobalSection(SolutionProperties) = preSolution
		HideSolutionNode = FALSE
	EndGlobalSection
	GlobalSection(ExtensibilityGlobals) = postSolution
		SolutionGuid = {D1F645CA-4663-43A2-A246-74E36CC410CA}
	EndGlobalSection
EndGlobal
